# THIS IS AN AUTOGENERATED FILE. DO NOT EDIT THIS FILE DIRECTLY.
# yarn lockfile v1


coc-json@^1.2.3:
  version "1.2.3"
  resolved "https://registry.yarnpkg.com/coc-json/-/coc-json-1.2.3.tgz#74fd20ce91387086fdc864011e28348b90063c2b"
  integrity sha512-JlM2CqVuDcxHAxVRcCTd2PsEzAU6jCwJ3N8jaszD3m2HSjq5I796Y7zFmoW6TK/7IOqAiYWCq1l+1yqjTSBedQ==
